
Microsoft Visual Studio Solution File, Format Version 12.00
# Visual Studio Version 16
VisualStudioVersion = 16.0.32002.261
MinimumVisualStudioVersion = 10.0.40219.1
Project("{FAE04EC0-301F-11D3-BF4B-00C04F79EFBC}") = "AskNLearn", "AskNLearn.csproj", "{7A733BF0-0D60-47B0-AD1F-8618A1B66789}"
EndProject
Project("{FAE04EC0-301F-11D3-BF4B-00C04F79EFBC}") = "BLL", "..\BLL\BLL.csproj", "{5194AB04-71FE-45DD-981D-C71907E64140}"
EndProject
Project("{FAE04EC0-301F-11D3-BF4B-00C04F79EFBC}") = "DAL", "..\DAL\DAL.csproj", "{272CC59E-A2D9-4E22-9CB0-1F3E411821F0}"
EndProject
Global
	GlobalSection(SolutionConfigurationPlatforms) = preSolution
		Debug|Any CPU = Debug|Any CPU
		Release|Any CPU = Release|Any CPU
	EndGlobalSection
	GlobalSection(ProjectConfigurationPlatforms) = postSolution
		{7A733BF0-0D60-47B0-AD1F-8618A1B66789}.Debug|Any CPU.ActiveCfg = Debug|Any CPU
		{7A733BF0-0D60-47B0-AD1F-8618A1B66789}.Debug|Any CPU.Build.0 = Debug|Any CPU
		{7A733BF0-0D60-47B0-AD1F-8618A1B66789}.Release|Any CPU.ActiveCfg = Release|Any CPU
		{7A733BF0-0D60-47B0-AD1F-8618A1B66789}.Release|Any CPU.Build.0 = Release|Any CPU
		{5194AB04-71FE-45DD-981D-C71907E64140}.Debug|Any CPU.ActiveCfg = Debug|Any CPU
		{5194AB04-71FE-45DD-981D-C71907E64140}.Debug|Any CPU.Build.0 = Debug|Any CPU
		{5194AB04-71FE-45DD-981D-C71907E64140}.Release|Any CPU.ActiveCfg = Release|Any CPU
		{5194AB04-71FE-45DD-981D-C71907E64140}.Release|Any CPU.Build.0 = Release|Any CPU
		{272CC59E-A2D9-4E22-9CB0-1F3E411821F0}.Debug|Any CPU.ActiveCfg = Debug|Any CPU
		{272CC59E-A2D9-4E22-9CB0-1F3E411821F0}.Debug|Any CPU.Build.0 = Debug|Any CPU
		{272CC59E-A2D9-4E22-9CB0-1F3E411821F0}.Release|Any CPU.ActiveCfg = Release|Any CPU
		{272CC59E-A2D9-4E22-9CB0-1F3E411821F0}.Release|Any CPU.Build.0 = Release|Any CPU
	EndGlobalSection
	GlobalSection(SolutionProperties) = preSolution
		HideSolutionNode = FALSE
	EndGlobalSection
	GlobalSection(ExtensibilityGlobals) = postSolution
		SolutionGuid = {0CF9C8FE-C03F-4F86-8371-8D9D85BB26A3}
	EndGlobalSection
EndGlobal
