
Microsoft Visual Studio Solution File, Format Version 12.00
# Visual Studio Version 16
VisualStudioVersion = 16.0.32002.261
MinimumVisualStudioVersion = 10.0.40219.1
Project("{FAE04EC0-301F-11D3-BF4B-00C04F79EFBC}") = "AskNLearn_Console", "AskNLearn_Console\AskNLearn_Console.csproj", "{AEA2DF40-E3FB-4746-B132-8A67BA65F77E}"
EndProject
Project("{FAE04EC0-301F-11D3-BF4B-00C04F79EFBC}") = "BLL", "BLL\BLL.csproj", "{E3A47379-C118-4E3A-8B9D-001F2914F848}"
EndProject
Project("{FAE04EC0-301F-11D3-BF4B-00C04F79EFBC}") = "DAL", "DAL\DAL.csproj", "{2CA7E941-17AC-4A25-8BE8-5C7540F3C5F0}"
EndProject
Project("{FAE04EC0-301F-11D3-BF4B-00C04F79EFBC}") = "AskNLearn-WebAPI", "AskNLearn-WebAPI\AskNLearn-WebAPI.csproj", "{AADAB85F-0959-4BE4-A39C-D26644B96602}"
EndProject
Global
	GlobalSection(SolutionConfigurationPlatforms) = preSolution
		Debug|Any CPU = Debug|Any CPU
		Release|Any CPU = Release|Any CPU
	EndGlobalSection
	GlobalSection(ProjectConfigurationPlatforms) = postSolution
		{AEA2DF40-E3FB-4746-B132-8A67BA65F77E}.Debug|Any CPU.ActiveCfg = Debug|Any CPU
		{AEA2DF40-E3FB-4746-B132-8A67BA65F77E}.Debug|Any CPU.Build.0 = Debug|Any CPU
		{AEA2DF40-E3FB-4746-B132-8A67BA65F77E}.Release|Any CPU.ActiveCfg = Release|Any CPU
		{AEA2DF40-E3FB-4746-B132-8A67BA65F77E}.Release|Any CPU.Build.0 = Release|Any CPU
		{E3A47379-C118-4E3A-8B9D-001F2914F848}.Debug|Any CPU.ActiveCfg = Debug|Any CPU
		{E3A47379-C118-4E3A-8B9D-001F2914F848}.Debug|Any CPU.Build.0 = Debug|Any CPU
		{E3A47379-C118-4E3A-8B9D-001F2914F848}.Release|Any CPU.ActiveCfg = Release|Any CPU
		{E3A47379-C118-4E3A-8B9D-001F2914F848}.Release|Any CPU.Build.0 = Release|Any CPU
		{2CA7E941-17AC-4A25-8BE8-5C7540F3C5F0}.Debug|Any CPU.ActiveCfg = Debug|Any CPU
		{2CA7E941-17AC-4A25-8BE8-5C7540F3C5F0}.Debug|Any CPU.Build.0 = Debug|Any CPU
		{2CA7E941-17AC-4A25-8BE8-5C7540F3C5F0}.Release|Any CPU.ActiveCfg = Release|Any CPU
		{2CA7E941-17AC-4A25-8BE8-5C7540F3C5F0}.Release|Any CPU.Build.0 = Release|Any CPU
		{AADAB85F-0959-4BE4-A39C-D26644B96602}.Debug|Any CPU.ActiveCfg = Debug|Any CPU
		{AADAB85F-0959-4BE4-A39C-D26644B96602}.Debug|Any CPU.Build.0 = Debug|Any CPU
		{AADAB85F-0959-4BE4-A39C-D26644B96602}.Release|Any CPU.ActiveCfg = Release|Any CPU
		{AADAB85F-0959-4BE4-A39C-D26644B96602}.Release|Any CPU.Build.0 = Release|Any CPU
	EndGlobalSection
	GlobalSection(SolutionProperties) = preSolution
		HideSolutionNode = FALSE
	EndGlobalSection
	GlobalSection(ExtensibilityGlobals) = postSolution
		SolutionGuid = {AD1E72BC-CB94-4167-8732-E86B76B3E8E4}
	EndGlobalSection
EndGlobal
